{
  "object": {
    "pins": [
      {
        "package": "NozeIO",
        "repositoryURL": "https://github.com/NozeIO/Noze.io.git",
        "state": {
          "branch": null,
          "revision": "d89b054f53d0f90498f4028fe6ae48bfa85f00dc",
          "version": "0.6.7"
        }
      }
    ]
  },
  "version": 1
}
